
Microsoft Visual Studio Solution File, Format Version 12.00
# Visual Studio Version 17
VisualStudioVersion = 17.8.34408.163
MinimumVisualStudioVersion = 10.0.40219.1
Project("{9A19103F-16F7-4668-BE54-9A1E7A4F7556}") = "JupiterProject", "JupiterProject\JupiterProject.csproj", "{3859A39A-CD4C-46E3-B8DD-E233345DE807}"
EndProject
Project("{9A19103F-16F7-4668-BE54-9A1E7A4F7556}") = "PageObjects", "PageObjects\PageObjects.csproj", "{718D4EAA-AB59-412F-8125-2CFCB09D9D89}"
EndProject
Global
	GlobalSection(SolutionConfigurationPlatforms) = preSolution
		Debug|Any CPU = Debug|Any CPU
		Release|Any CPU = Release|Any CPU
	EndGlobalSection
	GlobalSection(ProjectConfigurationPlatforms) = postSolution
		{3859A39A-CD4C-46E3-B8DD-E233345DE807}.Debug|Any CPU.ActiveCfg = Debug|Any CPU
		{3859A39A-CD4C-46E3-B8DD-E233345DE807}.Debug|Any CPU.Build.0 = Debug|Any CPU
		{3859A39A-CD4C-46E3-B8DD-E233345DE807}.Release|Any CPU.ActiveCfg = Release|Any CPU
		{3859A39A-CD4C-46E3-B8DD-E233345DE807}.Release|Any CPU.Build.0 = Release|Any CPU
		{718D4EAA-AB59-412F-8125-2CFCB09D9D89}.Debug|Any CPU.ActiveCfg = Debug|Any CPU
		{718D4EAA-AB59-412F-8125-2CFCB09D9D89}.Debug|Any CPU.Build.0 = Debug|Any CPU
		{718D4EAA-AB59-412F-8125-2CFCB09D9D89}.Release|Any CPU.ActiveCfg = Release|Any CPU
		{718D4EAA-AB59-412F-8125-2CFCB09D9D89}.Release|Any CPU.Build.0 = Release|Any CPU
	EndGlobalSection
	GlobalSection(SolutionProperties) = preSolution
		HideSolutionNode = FALSE
	EndGlobalSection
	GlobalSection(ExtensibilityGlobals) = postSolution
		SolutionGuid = {28BE08FC-D665-4416-A98C-EDC55D2515DA}
	EndGlobalSection
EndGlobal
